
Microsoft Visual Studio Solution File, Format Version 12.00
# Visual Studio Version 16
VisualStudioVersion = 16.0.29806.167
MinimumVisualStudioVersion = 10.0.40219.1
Project("{FAE04EC0-301F-11D3-BF4B-00C04F79EFBC}") = "BazaAwionika.Web", "BazaAwionikaCore\BazaAwionika.Web.csproj", "{79AE7A4A-27D4-4721-986E-726C7357590F}"
EndProject
Project("{FAE04EC0-301F-11D3-BF4B-00C04F79EFBC}") = "BazaAwionika.Data", "BazaAwionika.Data\BazaAwionika.Data.csproj", "{0046FC9D-57E6-4430-BB73-0430723C68E9}"
EndProject
Project("{FAE04EC0-301F-11D3-BF4B-00C04F79EFBC}") = "BazaAwionika.Model", "BazaAwionika.Model\BazaAwionika.Model.csproj", "{03E7FA20-82EF-4D0E-BE4F-027ED61ECBBB}"
EndProject
Project("{FAE04EC0-301F-11D3-BF4B-00C04F79EFBC}") = "BazaAwionika.Service", "BazaAwionika.Service\BazaAwionika.Service.csproj", "{FA6FBF33-42E1-4ED6-B185-FE955CE08C74}"
EndProject
Global
	GlobalSection(SolutionConfigurationPlatforms) = preSolution
		Debug|Any CPU = Debug|Any CPU
		Release|Any CPU = Release|Any CPU
	EndGlobalSection
	GlobalSection(ProjectConfigurationPlatforms) = postSolution
		{79AE7A4A-27D4-4721-986E-726C7357590F}.Debug|Any CPU.ActiveCfg = Debug|Any CPU
		{79AE7A4A-27D4-4721-986E-726C7357590F}.Debug|Any CPU.Build.0 = Debug|Any CPU
		{79AE7A4A-27D4-4721-986E-726C7357590F}.Release|Any CPU.ActiveCfg = Release|Any CPU
		{79AE7A4A-27D4-4721-986E-726C7357590F}.Release|Any CPU.Build.0 = Release|Any CPU
		{0046FC9D-57E6-4430-BB73-0430723C68E9}.Debug|Any CPU.ActiveCfg = Debug|Any CPU
		{0046FC9D-57E6-4430-BB73-0430723C68E9}.Debug|Any CPU.Build.0 = Debug|Any CPU
		{0046FC9D-57E6-4430-BB73-0430723C68E9}.Release|Any CPU.ActiveCfg = Release|Any CPU
		{0046FC9D-57E6-4430-BB73-0430723C68E9}.Release|Any CPU.Build.0 = Release|Any CPU
		{03E7FA20-82EF-4D0E-BE4F-027ED61ECBBB}.Debug|Any CPU.ActiveCfg = Debug|Any CPU
		{03E7FA20-82EF-4D0E-BE4F-027ED61ECBBB}.Debug|Any CPU.Build.0 = Debug|Any CPU
		{03E7FA20-82EF-4D0E-BE4F-027ED61ECBBB}.Release|Any CPU.ActiveCfg = Release|Any CPU
		{03E7FA20-82EF-4D0E-BE4F-027ED61ECBBB}.Release|Any CPU.Build.0 = Release|Any CPU
		{FA6FBF33-42E1-4ED6-B185-FE955CE08C74}.Debug|Any CPU.ActiveCfg = Debug|Any CPU
		{FA6FBF33-42E1-4ED6-B185-FE955CE08C74}.Debug|Any CPU.Build.0 = Debug|Any CPU
		{FA6FBF33-42E1-4ED6-B185-FE955CE08C74}.Release|Any CPU.ActiveCfg = Release|Any CPU
		{FA6FBF33-42E1-4ED6-B185-FE955CE08C74}.Release|Any CPU.Build.0 = Release|Any CPU
	EndGlobalSection
	GlobalSection(SolutionProperties) = preSolution
		HideSolutionNode = FALSE
	EndGlobalSection
	GlobalSection(ExtensibilityGlobals) = postSolution
		SolutionGuid = {B15B28DC-6B1D-4781-A517-29DD0ECA2F5A}
	EndGlobalSection
EndGlobal
